
Microsoft Visual Studio Solution File, Format Version 12.00
# Visual Studio Version 17
VisualStudioVersion = 17.6.33829.357
MinimumVisualStudioVersion = 10.0.40219.1
Project("{FAE04EC0-301F-11D3-BF4B-00C04F79EFBC}") = "FrontEnd", "FrontEnd\FrontEnd.csproj", "{02BDDEA5-0211-4DBF-9AE4-6D525783A51E}"
EndProject
Global
	GlobalSection(SolutionConfigurationPlatforms) = preSolution
		Debug|Any CPU = Debug|Any CPU
		Release|Any CPU = Release|Any CPU
	EndGlobalSection
	GlobalSection(ProjectConfigurationPlatforms) = postSolution
		{02BDDEA5-0211-4DBF-9AE4-6D525783A51E}.Debug|Any CPU.ActiveCfg = Debug|Any CPU
		{02BDDEA5-0211-4DBF-9AE4-6D525783A51E}.Debug|Any CPU.Build.0 = Debug|Any CPU
		{02BDDEA5-0211-4DBF-9AE4-6D525783A51E}.Release|Any CPU.ActiveCfg = Release|Any CPU
		{02BDDEA5-0211-4DBF-9AE4-6D525783A51E}.Release|Any CPU.Build.0 = Release|Any CPU
	EndGlobalSection
	GlobalSection(SolutionProperties) = preSolution
		HideSolutionNode = FALSE
	EndGlobalSection
	GlobalSection(ExtensibilityGlobals) = postSolution
		SolutionGuid = {38A201AB-F756-428A-803D-13C56DB92516}
	EndGlobalSection
EndGlobal
